
Microsoft Visual Studio Solution File, Format Version 12.00
# Visual Studio Version 17
VisualStudioVersion = 17.7.34031.279
MinimumVisualStudioVersion = 10.0.40219.1
Project("{FAE04EC0-301F-11D3-BF4B-00C04F79EFBC}") = "Calculator1", "homework12\Calculator1.csproj", "{BE3A20A6-D630-424C-B703-F68BC826D0DC}"
EndProject
Project("{FAE04EC0-301F-11D3-BF4B-00C04F79EFBC}") = "calculator2", "calculator2\calculator2.csproj", "{33EDC93D-DFD2-4266-B5E3-E67C05C84756}"
EndProject
Project("{FAE04EC0-301F-11D3-BF4B-00C04F79EFBC}") = "datatime", "datatime\datatime.csproj", "{01355D74-4ECF-4257-B92A-2FF355B1EF52}"
EndProject
Global
	GlobalSection(SolutionConfigurationPlatforms) = preSolution
		Debug|Any CPU = Debug|Any CPU
		Release|Any CPU = Release|Any CPU
	EndGlobalSection
	GlobalSection(ProjectConfigurationPlatforms) = postSolution
		{BE3A20A6-D630-424C-B703-F68BC826D0DC}.Debug|Any CPU.ActiveCfg = Debug|Any CPU
		{BE3A20A6-D630-424C-B703-F68BC826D0DC}.Debug|Any CPU.Build.0 = Debug|Any CPU
		{BE3A20A6-D630-424C-B703-F68BC826D0DC}.Release|Any CPU.ActiveCfg = Release|Any CPU
		{BE3A20A6-D630-424C-B703-F68BC826D0DC}.Release|Any CPU.Build.0 = Release|Any CPU
		{33EDC93D-DFD2-4266-B5E3-E67C05C84756}.Debug|Any CPU.ActiveCfg = Debug|Any CPU
		{33EDC93D-DFD2-4266-B5E3-E67C05C84756}.Debug|Any CPU.Build.0 = Debug|Any CPU
		{33EDC93D-DFD2-4266-B5E3-E67C05C84756}.Release|Any CPU.ActiveCfg = Release|Any CPU
		{33EDC93D-DFD2-4266-B5E3-E67C05C84756}.Release|Any CPU.Build.0 = Release|Any CPU
		{01355D74-4ECF-4257-B92A-2FF355B1EF52}.Debug|Any CPU.ActiveCfg = Debug|Any CPU
		{01355D74-4ECF-4257-B92A-2FF355B1EF52}.Debug|Any CPU.Build.0 = Debug|Any CPU
		{01355D74-4ECF-4257-B92A-2FF355B1EF52}.Release|Any CPU.ActiveCfg = Release|Any CPU
		{01355D74-4ECF-4257-B92A-2FF355B1EF52}.Release|Any CPU.Build.0 = Release|Any CPU
	EndGlobalSection
	GlobalSection(SolutionProperties) = preSolution
		HideSolutionNode = FALSE
	EndGlobalSection
	GlobalSection(ExtensibilityGlobals) = postSolution
		SolutionGuid = {70594959-A1D2-49DD-BDF4-E20CF0D591E3}
	EndGlobalSection
EndGlobal
